# This file was autogenerated by Stack.
# You should not edit this file by hand.
# For more information, please see the documentation at:
#   https://docs.haskellstack.org/en/stable/lock_files

packages:
- completed:
    hackage: sbv-8.15@sha256:bc0ea4e3564626030ac2cb21905b97cd9bd25fddcd6d6010834e8cc2ebf79067,29016
    pantry-tree:
      size: 63924
      sha256: 9b71ca2696ef73cac9246696d64f5b3d46c5b0443eca48e7a888fb738d00db3a
  original:
    hackage: sbv-8.15
- completed:
    hackage: libBF-0.6.2@sha256:7bffc0e4dbc9bd9e851ba5c29255b62fd2c288dbc9a401cd3761b740f013775e,1770
    pantry-tree:
      size: 760
      sha256: ca11e64003b53b2586cf0015038587e1dc85f96aed22cce7480ff76568402370
  original:
    hackage: libBF-0.6.2
snapshots:
- completed:
    size: 567679
    url: https://raw.githubusercontent.com/commercialhaskell/stackage-snapshots/master/lts/17/15.yaml
    sha256: 72e87841a0ab5b72f6f018e8ee692fd972b7bb32a944990f028e10d6eb528e63
  original: lts-17.15
