# This file was autogenerated by Stack.
# You should not edit this file by hand.
# For more information, please see the documentation at:
#   https://docs.haskellstack.org/en/stable/lock_files

packages:
- completed:
    hackage: sbv-8.7@sha256:e0de66613d866820b42ac86c7c7b7f8f331b8da4d4efa1a82125e877fadf69c8,23430
    pantry-tree:
      size: 60968
      sha256: 21b92190ed801035e06e13d4aa81d2442c0584384aa3e5dc0d73e4404a28f31f
  original:
    hackage: sbv-8.7
snapshots:
- completed:
    size: 531696
    url: https://raw.githubusercontent.com/commercialhaskell/stackage-snapshots/master/lts/16/3.yaml
    sha256: 65e3a94c65ad07fa1913649e3f1e36c4af51bf528a5d9fd217bdc1b46d0477cc
  original: lts-16.3
